
Microsoft Visual Studio Solution File, Format Version 12.00
# Visual Studio Version 17
VisualStudioVersion = 17.1.32319.34
MinimumVisualStudioVersion = 10.0.40219.1
Project("{FAE04EC0-301F-11D3-BF4B-00C04F79EFBC}") = "Map_Move", "Map_Move\Map_Move.csproj", "{A5AC30CB-44F4-4EB8-925A-DACC106F83CF}"
EndProject
Global
	GlobalSection(SolutionConfigurationPlatforms) = preSolution
		Debug|Any CPU = Debug|Any CPU
		Release|Any CPU = Release|Any CPU
	EndGlobalSection
	GlobalSection(ProjectConfigurationPlatforms) = postSolution
		{A5AC30CB-44F4-4EB8-925A-DACC106F83CF}.Debug|Any CPU.ActiveCfg = Debug|Any CPU
		{A5AC30CB-44F4-4EB8-925A-DACC106F83CF}.Debug|Any CPU.Build.0 = Debug|Any CPU
		{A5AC30CB-44F4-4EB8-925A-DACC106F83CF}.Release|Any CPU.ActiveCfg = Release|Any CPU
		{A5AC30CB-44F4-4EB8-925A-DACC106F83CF}.Release|Any CPU.Build.0 = Release|Any CPU
	EndGlobalSection
	GlobalSection(SolutionProperties) = preSolution
		HideSolutionNode = FALSE
	EndGlobalSection
	GlobalSection(ExtensibilityGlobals) = postSolution
		SolutionGuid = {751431CB-FAE0-4B56-86AB-29B6C2AD126E}
	EndGlobalSection
EndGlobal
